// !$*UTF8*$!
{
	archiveVersion = 1;
	classes = {
	};
	objectVersion = 48;
	objects = {

/* Begin PBXBuildFile section */
		8878B98925C3407DCED388D1 /* Pods_Doer.framework in Frameworks */ = {isa = PBXBuildFile; fileRef = C97F400F49BFE349469D8F16 /* Pods_Doer.framework */; };
		EA30D3FE212ABC2000DB9DA9 /* AppDelegate.swift in Sources */ = {isa = PBXBuildFile; fileRef = EA30D3FD212ABC2000DB9DA9 /* AppDelegate.swift */; };
		EA30D400212ABC2000DB9DA9 /* ToDoListVC.swift in Sources */ = {isa = PBXBuildFile; fileRef = EA30D3FF212ABC2000DB9DA9 /* ToDoListVC.swift */; };
		EA30D403212ABC2000DB9DA9 /* Main.storyboard in Resources */ = {isa = PBXBuildFile; fileRef = EA30D401212ABC2000DB9DA9 /* Main.storyboard */; };
		EA30D405212ABC2000DB9DA9 /* Assets.xcassets in Resources */ = {isa = PBXBuildFile; fileRef = EA30D404212ABC2000DB9DA9 /* Assets.xcassets */; };
		EA30D408212ABC2000DB9DA9 /* LaunchScreen.storyboard in Resources */ = {isa = PBXBuildFile; fileRef = EA30D406212ABC2000DB9DA9 /* LaunchScreen.storyboard */; };
		EA62127B212DDE8700368303 /* CategoryVC.swift in Sources */ = {isa = PBXBuildFile; fileRef = EA62127A212DDE8700368303 /* CategoryVC.swift */; };
		EA6DC5A8212EED0A00EEDA8B /* Item.swift in Sources */ = {isa = PBXBuildFile; fileRef = EA6DC5A7212EED0A00EEDA8B /* Item.swift */; };
		EA6DC5AA212EED7D00EEDA8B /* Category.swift in Sources */ = {isa = PBXBuildFile; fileRef = EA6DC5A9212EED7D00EEDA8B /* Category.swift */; };
/* End PBXBuildFile section */

/* Begin PBXFileReference section */
		76B3F0699A76CFF3DA4A1936 /* Pods-Doer.debug.xcconfig */ = {isa = PBXFileReference; includeInIndex = 1; lastKnownFileType = text.xcconfig; name = "Pods-Doer.debug.xcconfig"; path = "Pods/Target Support Files/Pods-Doer/Pods-Doer.debug.xcconfig"; sourceTree = "<group>"; };
		C97F400F49BFE349469D8F16 /* Pods_Doer.framework */ = {isa = PBXFileReference; explicitFileType = wrapper.framework; includeInIndex = 0; path = Pods_Doer.framework; sourceTree = BUILT_PRODUCTS_DIR; };
		CF73890DF56A7AE444B3C675 /* Pods-Doer.release.xcconfig */ = {isa = PBXFileReference; includeInIndex = 1; lastKnownFileType = text.xcconfig; name = "Pods-Doer.release.xcconfig"; path = "Pods/Target Support Files/Pods-Doer/Pods-Doer.release.xcconfig"; sourceTree = "<group>"; };
		EA30D3FA212ABC2000DB9DA9 /* Doer.app */ = {isa = PBXFileReference; explicitFileType = wrapper.application; includeInIndex = 0; path = Doer.app; sourceTree = BUILT_PRODUCTS_DIR; };
		EA30D3FD212ABC2000DB9DA9 /* AppDelegate.swift */ = {isa = PBXFileReference; lastKnownFileType = sourcecode.swift; path = AppDelegate.swift; sourceTree = "<group>"; };
		EA30D3FF212ABC2000DB9DA9 /* ToDoListVC.swift */ = {isa = PBXFileReference; lastKnownFileType = sourcecode.swift; path = ToDoListVC.swift; sourceTree = "<group>"; };
		EA30D402212ABC2000DB9DA9 /* Base */ = {isa = PBXFileReference; lastKnownFileType = file.storyboard; name = Base; path = Base.lproj/Main.storyboard; sourceTree = "<group>"; };
		EA30D404212ABC2000DB9DA9 /* Assets.xcassets */ = {isa = PBXFileReference; lastKnownFileType = folder.assetcatalog; path = Assets.xcassets; sourceTree = "<group>"; };
		EA30D407212ABC2000DB9DA9 /* Base */ = {isa = PBXFileReference; lastKnownFileType = file.storyboard; name = Base; path = Base.lproj/LaunchScreen.storyboard; sourceTree = "<group>"; };
		EA30D409212ABC2000DB9DA9 /* Info.plist */ = {isa = PBXFileReference; lastKnownFileType = text.plist.xml; path = Info.plist; sourceTree = "<group>"; };
		EA62127A212DDE8700368303 /* CategoryVC.swift */ = {isa = PBXFileReference; lastKnownFileType = sourcecode.swift; path = CategoryVC.swift; sourceTree = "<group>"; };
		EA6DC5A7212EED0A00EEDA8B /* Item.swift */ = {isa = PBXFileReference; lastKnownFileType = sourcecode.swift; path = Item.swift; sourceTree = "<group>"; };
		EA6DC5A9212EED7D00EEDA8B /* Category.swift */ = {isa = PBXFileReference; lastKnownFileType = sourcecode.swift; path = Category.swift; sourceTree = "<group>"; };
/* End PBXFileReference section */

/* Begin PBXFrameworksBuildPhase section */
		EA30D3F7212ABC2000DB9DA9 /* Frameworks */ = {
			isa = PBXFrameworksBuildPhase;
			buildActionMask = 2147483647;
			files = (
				8878B98925C3407DCED388D1 /* Pods_Doer.framework in Frameworks */,
			);
			runOnlyForDeploymentPostprocessing = 0;
		};
/* End PBXFrameworksBuildPhase section */

/* Begin PBXGroup section */
		1E1F25D09C64E491AEB3071E /* Frameworks */ = {
			isa = PBXGroup;
			children = (
				C97F400F49BFE349469D8F16 /* Pods_Doer.framework */,
			);
			name = Frameworks;
			sourceTree = "<group>";
		};
		730A0A4C5BE7D592D5D68796 /* Pods */ = {
			isa = PBXGroup;
			children = (
				76B3F0699A76CFF3DA4A1936 /* Pods-Doer.debug.xcconfig */,
				CF73890DF56A7AE444B3C675 /* Pods-Doer.release.xcconfig */,
			);
			name = Pods;
			sourceTree = "<group>";
		};
		EA30D3F1212ABC2000DB9DA9 = {
			isa = PBXGroup;
			children = (
				EA30D3FC212ABC2000DB9DA9 /* Doer */,
				EA30D3FB212ABC2000DB9DA9 /* Products */,
				730A0A4C5BE7D592D5D68796 /* Pods */,
				1E1F25D09C64E491AEB3071E /* Frameworks */,
			);
			sourceTree = "<group>";
		};
		EA30D3FB212ABC2000DB9DA9 /* Products */ = {
			isa = PBXGroup;
			children = (
				EA30D3FA212ABC2000DB9DA9 /* Doer.app */,
			);
			name = Products;
			sourceTree = "<group>";
		};
		EA30D3FC212ABC2000DB9DA9 /* Doer */ = {
			isa = PBXGroup;
			children = (
				EA30D3FD212ABC2000DB9DA9 /* AppDelegate.swift */,
				EA30D412212AE5CF00DB9DA9 /* Controllers */,
				EA30D411212AE5A200DB9DA9 /* Data Model */,
				EA30D414212AE62B00DB9DA9 /* Views */,
				EA30D413212AE5FC00DB9DA9 /* Supporting Files */,
				EA30D409212ABC2000DB9DA9 /* Info.plist */,
			);
			path = Doer;
			sourceTree = "<group>";
		};
		EA30D411212AE5A200DB9DA9 /* Data Model */ = {
			isa = PBXGroup;
			children = (
				EA6DC5A9212EED7D00EEDA8B /* Category.swift */,
				EA6DC5A7212EED0A00EEDA8B /* Item.swift */,
			);
			path = "Data Model";
			sourceTree = "<group>";
		};
		EA30D412212AE5CF00DB9DA9 /* Controllers */ = {
			isa = PBXGroup;
			children = (
				EA62127A212DDE8700368303 /* CategoryVC.swift */,
				EA30D3FF212ABC2000DB9DA9 /* ToDoListVC.swift */,
			);
			path = Controllers;
			sourceTree = "<group>";
		};
		EA30D413212AE5FC00DB9DA9 /* Supporting Files */ = {
			isa = PBXGroup;
			children = (
				EA30D404212ABC2000DB9DA9 /* Assets.xcassets */,
				EA30D406212ABC2000DB9DA9 /* LaunchScreen.storyboard */,
			);
			path = "Supporting Files";
			sourceTree = "<group>";
		};
		EA30D414212AE62B00DB9DA9 /* Views */ = {
			isa = PBXGroup;
			children = (
				EA30D401212ABC2000DB9DA9 /* Main.storyboard */,
			);
			path = Views;
			sourceTree = "<group>";
		};
/* End PBXGroup section */

/* Begin PBXNativeTarget section */
		EA30D3F9212ABC2000DB9DA9 /* Doer */ = {
			isa = PBXNativeTarget;
			buildConfigurationList = EA30D40C212ABC2000DB9DA9 /* Build configuration list for PBXNativeTarget "Doer" */;
			buildPhases = (
				9F83D19A8FA0E16EFB402F9D /* [CP] Check Pods Manifest.lock */,
				EA30D3F6212ABC2000DB9DA9 /* Sources */,
				EA30D3F7212ABC2000DB9DA9 /* Frameworks */,
				EA30D3F8212ABC2000DB9DA9 /* Resources */,
				436712E355B86B5F75114C81 /* [CP] Embed Pods Frameworks */,
				9C40924CE5CAD8C521193341 /* [CP] Copy Pods Resources */,
			);
			buildRules = (
			);
			dependencies = (
			);
			name = Doer;
			productName = Doer;
			productReference = EA30D3FA212ABC2000DB9DA9 /* Doer.app */;
			productType = "com.apple.product-type.application";
		};
/* End PBXNativeTarget section */

/* Begin PBXProject section */
		EA30D3F2212ABC2000DB9DA9 /* Project object */ = {
			isa = PBXProject;
			attributes = {
				LastSwiftUpdateCheck = 0920;
				LastUpgradeCheck = 0920;
				ORGANIZATIONNAME = com.ljubadit;
				TargetAttributes = {
					EA30D3F9212ABC2000DB9DA9 = {
						CreatedOnToolsVersion = 9.2;
						ProvisioningStyle = Automatic;
					};
				};
			};
			buildConfigurationList = EA30D3F5212ABC2000DB9DA9 /* Build configuration list for PBXProject "Doer" */;
			compatibilityVersion = "Xcode 8.0";
			developmentRegion = en;
			hasScannedForEncodings = 0;
			knownRegions = (
				en,
				Base,
			);
			mainGroup = EA30D3F1212ABC2000DB9DA9;
			productRefGroup = EA30D3FB212ABC2000DB9DA9 /* Products */;
			projectDirPath = "";
			projectRoot = "";
			targets = (
				EA30D3F9212ABC2000DB9DA9 /* Doer */,
			);
		};
/* End PBXProject section */

/* Begin PBXResourcesBuildPhase section */
		EA30D3F8212ABC2000DB9DA9 /* Resources */ = {
			isa = PBXResourcesBuildPhase;
			buildActionMask = 2147483647;
			files = (
				EA30D408212ABC2000DB9DA9 /* LaunchScreen.storyboard in Resources */,
				EA30D405212ABC2000DB9DA9 /* Assets.xcassets in Resources */,
				EA30D403212ABC2000DB9DA9 /* Main.storyboard in Resources */,
			);
			runOnlyForDeploymentPostprocessing = 0;
		};
/* End PBXResourcesBuildPhase section */

/* Begin PBXShellScriptBuildPhase section */
		436712E355B86B5F75114C81 /* [CP] Embed Pods Frameworks */ = {
			isa = PBXShellScriptBuildPhase;
			buildActionMask = 2147483647;
			files = (
			);
			inputPaths = (
				"${SRCROOT}/Pods/Target Support Files/Pods-Doer/Pods-Doer-frameworks.sh",
				"${BUILT_PRODUCTS_DIR}/Realm/Realm.framework",
				"${BUILT_PRODUCTS_DIR}/RealmSwift/RealmSwift.framework",
			);
			name = "[CP] Embed Pods Frameworks";
			outputPaths = (
				"${TARGET_BUILD_DIR}/${FRAMEWORKS_FOLDER_PATH}/Realm.framework",
				"${TARGET_BUILD_DIR}/${FRAMEWORKS_FOLDER_PATH}/RealmSwift.framework",
			);
			runOnlyForDeploymentPostprocessing = 0;
			shellPath = /bin/sh;
			shellScript = "\"${SRCROOT}/Pods/Target Support Files/Pods-Doer/Pods-Doer-frameworks.sh\"\n";
			showEnvVarsInLog = 0;
		};
		9C40924CE5CAD8C521193341 /* [CP] Copy Pods Resources */ = {
			isa = PBXShellScriptBuildPhase;
			buildActionMask = 2147483647;
			files = (
			);
			inputPaths = (
			);
			name = "[CP] Copy Pods Resources";
			outputPaths = (
			);
			runOnlyForDeploymentPostprocessing = 0;
			shellPath = /bin/sh;
			shellScript = "\"${SRCROOT}/Pods/Target Support Files/Pods-Doer/Pods-Doer-resources.sh\"\n";
			showEnvVarsInLog = 0;
		};
		9F83D19A8FA0E16EFB402F9D /* [CP] Check Pods Manifest.lock */ = {
			isa = PBXShellScriptBuildPhase;
			buildActionMask = 2147483647;
			files = (
			);
			inputPaths = (
				"${PODS_PODFILE_DIR_PATH}/Podfile.lock",
				"${PODS_ROOT}/Manifest.lock",
			);
			name = "[CP] Check Pods Manifest.lock";
			outputPaths = (
				"$(DERIVED_FILE_DIR)/Pods-Doer-checkManifestLockResult.txt",
			);
			runOnlyForDeploymentPostprocessing = 0;
			shellPath = /bin/sh;
			shellScript = "diff \"${PODS_PODFILE_DIR_PATH}/Podfile.lock\" \"${PODS_ROOT}/Manifest.lock\" > /dev/null\nif [ $? != 0 ] ; then\n    # print error to STDERR\n    echo \"error: The sandbox is not in sync with the Podfile.lock. Run 'pod install' or update your CocoaPods installation.\" >&2\n    exit 1\nfi\n# This output is used by Xcode 'outputs' to avoid re-running this script phase.\necho \"SUCCESS\" > \"${SCRIPT_OUTPUT_FILE_0}\"\n";
			showEnvVarsInLog = 0;
		};
/* End PBXShellScriptBuildPhase section */

/* Begin PBXSourcesBuildPhase section */
		EA30D3F6212ABC2000DB9DA9 /* Sources */ = {
			isa = PBXSourcesBuildPhase;
			buildActionMask = 2147483647;
			files = (
				EA6DC5A8212EED0A00EEDA8B /* Item.swift in Sources */,
				EA30D400212ABC2000DB9DA9 /* ToDoListVC.swift in Sources */,
				EA30D3FE212ABC2000DB9DA9 /* AppDelegate.swift in Sources */,
				EA62127B212DDE8700368303 /* CategoryVC.swift in Sources */,
				EA6DC5AA212EED7D00EEDA8B /* Category.swift in Sources */,
			);
			runOnlyForDeploymentPostprocessing = 0;
		};
/* End PBXSourcesBuildPhase section */

/* Begin PBXVariantGroup section */
		EA30D401212ABC2000DB9DA9 /* Main.storyboard */ = {
			isa = PBXVariantGroup;
			children = (
				EA30D402212ABC2000DB9DA9 /* Base */,
			);
			name = Main.storyboard;
			sourceTree = "<group>";
		};
		EA30D406212ABC2000DB9DA9 /* LaunchScreen.storyboard */ = {
			isa = PBXVariantGroup;
			children = (
				EA30D407212ABC2000DB9DA9 /* Base */,
			);
			name = LaunchScreen.storyboard;
			sourceTree = "<group>";
		};
/* End PBXVariantGroup section */

/* Begin XCBuildConfiguration section */
		EA30D40A212ABC2000DB9DA9 /* Debug */ = {
			isa = XCBuildConfiguration;
			buildSettings = {
				ALWAYS_SEARCH_USER_PATHS = NO;
				CLANG_ANALYZER_NONNULL = YES;
				CLANG_ANALYZER_NUMBER_OBJECT_CONVERSION = YES_AGGRESSIVE;
				CLANG_CXX_LANGUAGE_STANDARD = "gnu++14";
				CLANG_CXX_LIBRARY = "libc++";
				CLANG_ENABLE_MODULES = YES;
				CLANG_ENABLE_OBJC_ARC = YES;
				CLANG_WARN_BLOCK_CAPTURE_AUTORELEASING = YES;
				CLANG_WARN_BOOL_CONVERSION = YES;
				CLANG_WARN_COMMA = YES;
				CLANG_WARN_CONSTANT_CONVERSION = YES;
				CLANG_WARN_DIRECT_OBJC_ISA_USAGE = YES_ERROR;
				CLANG_WARN_DOCUMENTATION_COMMENTS = YES;
				CLANG_WARN_EMPTY_BODY = YES;
				CLANG_WARN_ENUM_CONVERSION = YES;
				CLANG_WARN_INFINITE_RECURSION = YES;
				CLANG_WARN_INT_CONVERSION = YES;
				CLANG_WARN_NON_LITERAL_NULL_CONVERSION = YES;
				CLANG_WARN_OBJC_LITERAL_CONVERSION = YES;
				CLANG_WARN_OBJC_ROOT_CLASS = YES_ERROR;
				CLANG_WARN_RANGE_LOOP_ANALYSIS = YES;
				CLANG_WARN_STRICT_PROTOTYPES = YES;
				CLANG_WARN_SUSPICIOUS_MOVE = YES;
				CLANG_WARN_UNGUARDED_AVAILABILITY = YES_AGGRESSIVE;
				CLANG_WARN_UNREACHABLE_CODE = YES;
				CLANG_WARN__DUPLICATE_METHOD_MATCH = YES;
				CODE_SIGN_IDENTITY = "iPhone Developer";
				COPY_PHASE_STRIP = NO;
				DEBUG_INFORMATION_FORMAT = dwarf;
				ENABLE_STRICT_OBJC_MSGSEND = YES;
				ENABLE_TESTABILITY = YES;
				GCC_C_LANGUAGE_STANDARD = gnu11;
				GCC_DYNAMIC_NO_PIC = NO;
				GCC_NO_COMMON_BLOCKS = YES;
				GCC_OPTIMIZATION_LEVEL = 0;
				GCC_PREPROCESSOR_DEFINITIONS = (
					"DEBUG=1",
					"$(inherited)",
				);
				GCC_WARN_64_TO_32_BIT_CONVERSION = YES;
				GCC_WARN_ABOUT_RETURN_TYPE = YES_ERROR;
				GCC_WARN_UNDECLARED_SELECTOR = YES;
				GCC_WARN_UNINITIALIZED_AUTOS = YES_AGGRESSIVE;
				GCC_WARN_UNUSED_FUNCTION = YES;
				GCC_WARN_UNUSED_VARIABLE = YES;
				IPHONEOS_DEPLOYMENT_TARGET = 11.2;
				MTL_ENABLE_DEBUG_INFO = YES;
				ONLY_ACTIVE_ARCH = YES;
				SDKROOT = iphoneos;
				SWIFT_ACTIVE_COMPILATION_CONDITIONS = DEBUG;
				SWIFT_OPTIMIZATION_LEVEL = "-Onone";
			};
			name = Debug;
		};
		EA30D40B212ABC2000DB9DA9 /* Release */ = {
			isa = XCBuildConfiguration;
			buildSettings = {
				ALWAYS_SEARCH_USER_PATHS = NO;
				CLANG_ANALYZER_NONNULL = YES;
				CLANG_ANALYZER_NUMBER_OBJECT_CONVERSION = YES_AGGRESSIVE;
				CLANG_CXX_LANGUAGE_STANDARD = "gnu++14";
				CLANG_CXX_LIBRARY = "libc++";
				CLANG_ENABLE_MODULES = YES;
				CLANG_ENABLE_OBJC_ARC = YES;
				CLANG_WARN_BLOCK_CAPTURE_AUTORELEASING = YES;
				CLANG_WARN_BOOL_CONVERSION = YES;
				CLANG_WARN_COMMA = YES;
				CLANG_WARN_CONSTANT_CONVERSION = YES;
				CLANG_WARN_DIRECT_OBJC_ISA_USAGE = YES_ERROR;
				CLANG_WARN_DOCUMENTATION_COMMENTS = YES;
				CLANG_WARN_EMPTY_BODY = YES;
				CLANG_WARN_ENUM_CONVERSION = YES;
				CLANG_WARN_INFINITE_RECURSION = YES;
				CLANG_WARN_INT_CONVERSION = YES;
				CLANG_WARN_NON_LITERAL_NULL_CONVERSION = YES;
				CLANG_WARN_OBJC_LITERAL_CONVERSION = YES;
				CLANG_WARN_OBJC_ROOT_CLASS = YES_ERROR;
				CLANG_WARN_RANGE_LOOP_ANALYSIS = YES;
				CLANG_WARN_STRICT_PROTOTYPES = YES;
				CLANG_WARN_SUSPICIOUS_MOVE = YES;
				CLANG_WARN_UNGUARDED_AVAILABILITY = YES_AGGRESSIVE;
				CLANG_WARN_UNREACHABLE_CODE = YES;
				CLANG_WARN__DUPLICATE_METHOD_MATCH = YES;
				CODE_SIGN_IDENTITY = "iPhone Developer";
				COPY_PHASE_STRIP = NO;
				DEBUG_INFORMATION_FORMAT = "dwarf-with-dsym";
				ENABLE_NS_ASSERTIONS = NO;
				ENABLE_STRICT_OBJC_MSGSEND = YES;
				GCC_C_LANGUAGE_STANDARD = gnu11;
				GCC_NO_COMMON_BLOCKS = YES;
				GCC_WARN_64_TO_32_BIT_CONVERSION = YES;
				GCC_WARN_ABOUT_RETURN_TYPE = YES_ERROR;
				GCC_WARN_UNDECLARED_SELECTOR = YES;
				GCC_WARN_UNINITIALIZED_AUTOS = YES_AGGRESSIVE;
				GCC_WARN_UNUSED_FUNCTION = YES;
				GCC_WARN_UNUSED_VARIABLE = YES;
				IPHONEOS_DEPLOYMENT_TARGET = 11.2;
				MTL_ENABLE_DEBUG_INFO = NO;
				SDKROOT = iphoneos;
				SWIFT_OPTIMIZATION_LEVEL = "-Owholemodule";
				VALIDATE_PRODUCT = YES;
			};
			name = Release;
		};
		EA30D40D212ABC2000DB9DA9 /* Debug */ = {
			isa = XCBuildConfiguration;
			baseConfigurationReference = 76B3F0699A76CFF3DA4A1936 /* Pods-Doer.debug.xcconfig */;
			buildSettings = {
				ASSETCATALOG_COMPILER_APPICON_NAME = AppIcon;
				CODE_SIGN_STYLE = Automatic;
				DEVELOPMENT_TEAM = CUCRU7QZBE;
				INFOPLIST_FILE = Doer/Info.plist;
				LD_RUNPATH_SEARCH_PATHS = "$(inherited) @executable_path/Frameworks";
				PRODUCT_BUNDLE_IDENTIFIER = ljuba.com.Doer;
				PRODUCT_NAME = "$(TARGET_NAME)";
				SWIFT_VERSION = 4.0;
				TARGETED_DEVICE_FAMILY = "1,2";
			};
			name = Debug;
		};
		EA30D40E212ABC2000DB9DA9 /* Release */ = {
			isa = XCBuildConfiguration;
			baseConfigurationReference = CF73890DF56A7AE444B3C675 /* Pods-Doer.release.xcconfig */;
			buildSettings = {
				ASSETCATALOG_COMPILER_APPICON_NAME = AppIcon;
				CODE_SIGN_STYLE = Automatic;
				DEVELOPMENT_TEAM = CUCRU7QZBE;
				INFOPLIST_FILE = Doer/Info.plist;
				LD_RUNPATH_SEARCH_PATHS = "$(inherited) @executable_path/Frameworks";
				PRODUCT_BUNDLE_IDENTIFIER = ljuba.com.Doer;
				PRODUCT_NAME = "$(TARGET_NAME)";
				SWIFT_VERSION = 4.0;
				TARGETED_DEVICE_FAMILY = "1,2";
			};
			name = Release;
		};
/* End XCBuildConfiguration section */

/* Begin XCConfigurationList section */
		EA30D3F5212ABC2000DB9DA9 /* Build configuration list for PBXProject "Doer" */ = {
			isa = XCConfigurationList;
			buildConfigurations = (
				EA30D40A212ABC2000DB9DA9 /* Debug */,
				EA30D40B212ABC2000DB9DA9 /* Release */,
			);
			defaultConfigurationIsVisible = 0;
			defaultConfigurationName = Release;
		};
		EA30D40C212ABC2000DB9DA9 /* Build configuration list for PBXNativeTarget "Doer" */ = {
			isa = XCConfigurationList;
			buildConfigurations = (
				EA30D40D212ABC2000DB9DA9 /* Debug */,
				EA30D40E212ABC2000DB9DA9 /* Release */,
			);
			defaultConfigurationIsVisible = 0;
			defaultConfigurationName = Release;
		};
/* End XCConfigurationList section */
	};
	rootObject = EA30D3F2212ABC2000DB9DA9 /* Project object */;
}
